
Microsoft Visual Studio Solution File, Format Version 12.00
# Visual Studio Version 17
VisualStudioVersion = 17.3.32922.545
MinimumVisualStudioVersion = 10.0.40219.1
Project("{9A19103F-16F7-4668-BE54-9A1E7A4F7556}") = "ConsoleApp", "DAWA_Transacciones\ConsoleApp.csproj", "{16F31960-28CA-4810-B54A-84CDD7CA4022}"
EndProject
Global
	GlobalSection(SolutionConfigurationPlatforms) = preSolution
		Debug|Any CPU = Debug|Any CPU
		Release|Any CPU = Release|Any CPU
	EndGlobalSection
	GlobalSection(ProjectConfigurationPlatforms) = postSolution
		{16F31960-28CA-4810-B54A-84CDD7CA4022}.Debug|Any CPU.ActiveCfg = Debug|Any CPU
		{16F31960-28CA-4810-B54A-84CDD7CA4022}.Debug|Any CPU.Build.0 = Debug|Any CPU
		{16F31960-28CA-4810-B54A-84CDD7CA4022}.Release|Any CPU.ActiveCfg = Release|Any CPU
		{16F31960-28CA-4810-B54A-84CDD7CA4022}.Release|Any CPU.Build.0 = Release|Any CPU
	EndGlobalSection
	GlobalSection(SolutionProperties) = preSolution
		HideSolutionNode = FALSE
	EndGlobalSection
	GlobalSection(ExtensibilityGlobals) = postSolution
		SolutionGuid = {C6AF270C-B5A5-4960-895D-B90FD9CE9FC3}
	EndGlobalSection
EndGlobal
